<?xml version="1.0" encoding="utf-8"?>
<Project ToolsVersion="4.0" xmlns="http://schemas.microsoft.com/developer/msbuild/2003">
  <ItemGroup>
    <Filter Include="소스 파일">
      <UniqueIdentifier>{4FC737F1-C7A5-4376-A066-2A32D752A2FF}</UniqueIdentifier>
      <Extensions>cpp;c;cc;cxx;def;odl;idl;hpj;bat;asm;asmx</Extensions>
    </Filter>
    <Filter Include="헤더 파일">
      <UniqueIdentifier>{93995380-89BD-4b04-88EB-625FBE52EBFB}</UniqueIdentifier>
      <Extensions>h;hh;hpp;hxx;hm;inl;inc;ipp;xsd</Extensions>
    </Filter>
    <Filter Include="리소스 파일">
      <UniqueIdentifier>{67DA6AB6-F800-4c08-8B7A-83BB121AAD01}</UniqueIdentifier>
      <Extensions>rc;ico;cur;bmp;dlg;rc2;rct;bin;rgs;gif;jpg;jpeg;jpe;resx;tiff;tif;png;wav;mfcribbon-ms</Extensions>
    </Filter>
  </ItemGroup>
  <ItemGroup>
    <ClInclude Include="framework.h">
      <Filter>헤더 파일</Filter>
    </ClInclude>
    <ClInclude Include="targetver.h">
      <Filter>헤더 파일</Filter>
    </ClInclude>
    <ClInclude Include="Resource.h">
      <Filter>헤더 파일</Filter>
    </ClInclude>
    <ClInclude Include="DirectX9_2D.h">
      <Filter>헤더 파일</Filter>
    </ClInclude>
    <ClInclude Include="Framework\Utility\BinaryReader.h">
      <Filter>헤더 파일</Filter>
    </ClInclude>
    <ClInclude Include="Framework\Utility\BinaryWriter.h">
      <Filter>헤더 파일</Filter>
    </ClInclude>
    <ClInclude Include="Framework\Utility\Operation.h">
      <Filter>헤더 파일</Filter>
    </ClInclude>
    <ClInclude Include="Framework\Utility\Xml.h">
      <Filter>헤더 파일</Filter>
    </ClInclude>
    <ClInclude Include="Framework\System\Device.h">
      <Filter>헤더 파일</Filter>
    </ClInclude>
    <ClInclude Include="Framework\System\Timer.h">
      <Filter>헤더 파일</Filter>
    </ClInclude>
    <ClInclude Include="Framework\System\World.h">
      <Filter>헤더 파일</Filter>
    </ClInclude>
    <ClInclude Include="GameManager\Scene\Scene.h">
      <Filter>헤더 파일</Filter>
    </ClInclude>
    <ClInclude Include="GameManager\Scene\SceneManager.h">
      <Filter>헤더 파일</Filter>
    </ClInclude>
    <ClInclude Include="GameManager\GameManager.h">
      <Filter>헤더 파일</Filter>
    </ClInclude>
    <ClInclude Include="Framework\Utility\DataManager.h">
      <Filter>헤더 파일</Filter>
    </ClInclude>
    <ClInclude Include="Game\ItemTest\Item.h">
      <Filter>헤더 파일</Filter>
    </ClInclude>
    <ClInclude Include="Framework\System\WorldEditor.h">
      <Filter>헤더 파일</Filter>
    </ClInclude>
    <ClInclude Include="Game\ItemTest\ItemImage.h">
      <Filter>헤더 파일</Filter>
    </ClInclude>
    <ClInclude Include="Framework\IO\Input\Button.h">
      <Filter>헤더 파일</Filter>
    </ClInclude>
    <ClInclude Include="Framework\IO\Input\InputManager.h">
      <Filter>헤더 파일</Filter>
    </ClInclude>
    <ClInclude Include="Framework\IO\Output\Animation.h">
      <Filter>헤더 파일</Filter>
    </ClInclude>
    <ClInclude Include="Framework\IO\Output\Camera.h">
      <Filter>헤더 파일</Filter>
    </ClInclude>
    <ClInclude Include="Framework\IO\Output\Effect.h">
      <Filter>헤더 파일</Filter>
    </ClInclude>
    <ClInclude Include="Framework\IO\Output\EffectManager.h">
      <Filter>헤더 파일</Filter>
    </ClInclude>
    <ClInclude Include="Framework\IO\Output\ImageFont.h">
      <Filter>헤더 파일</Filter>
    </ClInclude>
    <ClInclude Include="Framework\IO\Output\Shader.h">
      <Filter>헤더 파일</Filter>
    </ClInclude>
    <ClInclude Include="Framework\IO\Output\SoundManager.h">
      <Filter>헤더 파일</Filter>
    </ClInclude>
    <ClInclude Include="Framework\IO\Output\Texture.h">
      <Filter>헤더 파일</Filter>
    </ClInclude>
    <ClInclude Include="Framework\IO\Output\TextureManager.h">
      <Filter>헤더 파일</Filter>
    </ClInclude>
    <ClInclude Include="Framework\IO\Output\RenderTarget.h">
      <Filter>헤더 파일</Filter>
    </ClInclude>
    <ClInclude Include="Game\Entity\Npc\BlackSmith.h">
      <Filter>헤더 파일</Filter>
    </ClInclude>
    <ClInclude Include="Game\Entity\Npc\NpcManager.h">
      <Filter>헤더 파일</Filter>
    </ClInclude>
    <ClInclude Include="Game\Entity\Enemy\Enemy.h">
      <Filter>헤더 파일</Filter>
    </ClInclude>
    <ClInclude Include="Game\Entity\Object.h">
      <Filter>헤더 파일</Filter>
    </ClInclude>
    <ClInclude Include="Game\GUI\Inventory.h">
      <Filter>헤더 파일</Filter>
    </ClInclude>
    <ClInclude Include="Game\GUI\StateBar.h">
      <Filter>헤더 파일</Filter>
    </ClInclude>
    <ClInclude Include="Game\GUI\UI.h">
      <Filter>헤더 파일</Filter>
    </ClInclude>
    <ClInclude Include="Game\Entity\Enemy\EnemyManager.h">
      <Filter>헤더 파일</Filter>
    </ClInclude>
    <ClInclude Include="Game\Entity\Player\Portion.h">
      <Filter>헤더 파일</Filter>
    </ClInclude>
    <ClInclude Include="Game\Entity\Npc\Npc.h">
      <Filter>헤더 파일</Filter>
    </ClInclude>
    <ClInclude Include="Game\GUI\HotBar.h">
      <Filter>헤더 파일</Filter>
    </ClInclude>
    <ClInclude Include="Game\GUI\InvenTab.h">
      <Filter>헤더 파일</Filter>
    </ClInclude>
    <ClInclude Include="Game\GUI\ItemNotice.h">
      <Filter>헤더 파일</Filter>
    </ClInclude>
    <ClInclude Include="Game\GUI\UIObject.h">
      <Filter>헤더 파일</Filter>
    </ClInclude>
    <ClInclude Include="Game\ItemTest\ItemSlot.h">
      <Filter>헤더 파일</Filter>
    </ClInclude>
    <ClInclude Include="Framework\Info.h">
      <Filter>헤더 파일</Filter>
    </ClInclude>
    <ClInclude Include="Framework\System\ObjectTool.h">
      <Filter>헤더 파일</Filter>
    </ClInclude>
    <ClInclude Include="Framework\IO\Input\UIButton.h">
      <Filter>헤더 파일</Filter>
    </ClInclude>
    <ClInclude Include="Game\GUI\Store.h">
      <Filter>헤더 파일</Filter>
    </ClInclude>
    <ClInclude Include="Game\ItemTest\ItemInfo.h">
      <Filter>헤더 파일</Filter>
    </ClInclude>
    <ClInclude Include="Game\Entity\Npc\FolkOne.h">
      <Filter>헤더 파일</Filter>
    </ClInclude>
    <ClInclude Include="Game\Entity\Npc\FolkTwo.h">
      <Filter>헤더 파일</Filter>
    </ClInclude>
    <ClInclude Include="Game\GUI\BuyWindow.h">
      <Filter>헤더 파일</Filter>
    </ClInclude>
    <ClInclude Include="Game\GUI\SellWindow.h">
      <Filter>헤더 파일</Filter>
    </ClInclude>
    <ClInclude Include="Game\Entity\Enemy\Mountain\Flower.h">
      <Filter>헤더 파일</Filter>
    </ClInclude>
    <ClInclude Include="Game\Entity\Enemy\Mountain\Flower_Bullet.h">
      <Filter>헤더 파일</Filter>
    </ClInclude>
    <ClInclude Include="Game\Entity\Enemy\Forest\Chicken.h">
      <Filter>헤더 파일</Filter>
    </ClInclude>
    <ClInclude Include="Game\Entity\Enemy\Forest\Slime.h">
      <Filter>헤더 파일</Filter>
    </ClInclude>
    <ClInclude Include="Game\Entity\Enemy\Mountain\MushRoom.h">
      <Filter>헤더 파일</Filter>
    </ClInclude>
    <ClInclude Include="Game\Entity\Enemy\Forest\Pig.h">
      <Filter>헤더 파일</Filter>
    </ClInclude>
    <ClInclude Include="Game\Entity\Enemy\Mountain\Goblin.h">
      <Filter>헤더 파일</Filter>
    </ClInclude>
    <ClInclude Include="Game\GUI\Cauldron.h">
      <Filter>헤더 파일</Filter>
    </ClInclude>
    <ClInclude Include="Game\GUI\Cauldron.h">
      <Filter>헤더 파일</Filter>
    </ClInclude>
    <ClInclude Include="Game\Entity\Buff\BuffIcon.h">
      <Filter>헤더 파일</Filter>
    </ClInclude>
    <ClInclude Include="Game\Entity\Player\Player.h">
      <Filter>헤더 파일</Filter>
    </ClInclude>
    <ClInclude Include="Game\Entity\Buff\BuffEffect.h">
      <Filter>헤더 파일</Filter>
    </ClInclude>
    <ClInclude Include="Game\Entity\Npc\ChildMan1.h">
      <Filter>헤더 파일</Filter>
    </ClInclude>
    <ClInclude Include="Game\Entity\Npc\ChildMan2.h">
      <Filter>헤더 파일</Filter>
    </ClInclude>
    <ClInclude Include="Game\Entity\Npc\ChildWoman1.h">
      <Filter>헤더 파일</Filter>
    </ClInclude>
    <ClInclude Include="Game\Entity\Npc\ChildWoman2.h">
      <Filter>헤더 파일</Filter>
    </ClInclude>
    <ClInclude Include="Game\Entity\Buff\BuffManager.h">
      <Filter>헤더 파일</Filter>
    </ClInclude>
    <ClInclude Include="Game\Field\Forest\Forest.h">
      <Filter>헤더 파일</Filter>
    </ClInclude>
    <ClInclude Include="Game\Field\Forest\ForestScene.h">
      <Filter>헤더 파일</Filter>
    </ClInclude>
    <ClInclude Include="Game\Field\Home\Home.h">
      <Filter>헤더 파일</Filter>
    </ClInclude>
    <ClInclude Include="Game\Field\Home\HomeScene.h">
      <Filter>헤더 파일</Filter>
    </ClInclude>
    <ClInclude Include="Game\Field\Mountain\Mountain.h">
      <Filter>헤더 파일</Filter>
    </ClInclude>
    <ClInclude Include="Game\Field\Mountain\MountainScene.h">
      <Filter>헤더 파일</Filter>
    </ClInclude>
    <ClInclude Include="Game\Field\Town\Town.h">
      <Filter>헤더 파일</Filter>
    </ClInclude>
    <ClInclude Include="Game\Field\Town\TownScene.h">
      <Filter>헤더 파일</Filter>
    </ClInclude>
    <ClInclude Include="Game\Field\Particle.h">
      <Filter>헤더 파일</Filter>
    </ClInclude>
    <ClInclude Include="Game\Field\PaticleManager.h">
      <Filter>헤더 파일</Filter>
    </ClInclude>
    <ClInclude Include="Game\Entity\Npc\Cat.h">
      <Filter>헤더 파일</Filter>
    </ClInclude>
    <ClInclude Include="Game\Entity\Enemy\Cave\Mage.h">
      <Filter>헤더 파일</Filter>
    </ClInclude>
    <ClInclude Include="Game\Field\Cave\Cave.h">
      <Filter>헤더 파일</Filter>
    </ClInclude>
    <ClInclude Include="Game\Field\Cave\CaveScene.h">
      <Filter>헤더 파일</Filter>
    </ClInclude>
    <ClInclude Include="Game\GUI\GetItemWindow.h">
      <Filter>헤더 파일</Filter>
    </ClInclude>
    <ClInclude Include="Game\GUI\GWManager.h">
      <Filter>헤더 파일</Filter>
    </ClInclude>
    <ClInclude Include="Game\Entity\Enemy\Cave\Mage_Eye.h">
      <Filter>헤더 파일</Filter>
    </ClInclude>
    <ClInclude Include="Game\Entity\Enemy\Cave\Mage_FireBall.h">
      <Filter>헤더 파일</Filter>
    </ClInclude>
    <ClInclude Include="Game\GUI\Cursor.h">
      <Filter>헤더 파일</Filter>
    </ClInclude>
    <ClInclude Include="Game\Entity\Enemy\Cave\Mage_EyeLaser.h">
      <Filter>헤더 파일</Filter>
    </ClInclude>
    <ClInclude Include="Game\GUI\BossHpBar.h">
      <Filter>헤더 파일</Filter>
    </ClInclude>
    <ClInclude Include="Game\GUI\QuickSlot.h">
      <Filter>헤더 파일</Filter>
    </ClInclude>
    <ClInclude Include="Game\Entity\Enemy\Cave\Mage_BlackBall.h">
      <Filter>헤더 파일</Filter>
    </ClInclude>
    <ClInclude Include="Game\Entity\Enemy\Cave\Mage_Emote.h">
      <Filter>헤더 파일</Filter>
    </ClInclude>
    <ClInclude Include="Framework\System\MapEditor.h">
      <Filter>헤더 파일</Filter>
    </ClInclude>
    <ClInclude Include="Framework\System\TextureEditor.h">
      <Filter>헤더 파일</Filter>
    </ClInclude>
    <ClInclude Include="Libraries\TweakBar.h">
      <Filter>헤더 파일</Filter>
    </ClInclude>
    <ClInclude Include="Libraries\AntTweakBar.h">
      <Filter>헤더 파일</Filter>
    </ClInclude>
  </ItemGroup>
  <ItemGroup>
    <ClCompile Include="DirectX9_2D.cpp">
      <Filter>소스 파일</Filter>
    </ClCompile>
    <ClCompile Include="framework.cpp">
      <Filter>헤더 파일</Filter>
    </ClCompile>
    <ClCompile Include="Framework\Utility\BinaryReader.cpp">
      <Filter>소스 파일</Filter>
    </ClCompile>
    <ClCompile Include="Framework\Utility\BinaryWriter.cpp">
      <Filter>소스 파일</Filter>
    </ClCompile>
    <ClCompile Include="Framework\Utility\Operation.cpp">
      <Filter>소스 파일</Filter>
    </ClCompile>
    <ClCompile Include="Framework\Utility\Xml.cpp">
      <Filter>소스 파일</Filter>
    </ClCompile>
    <ClCompile Include="Framework\System\Device.cpp">
      <Filter>소스 파일</Filter>
    </ClCompile>
    <ClCompile Include="Framework\System\Timer.cpp">
      <Filter>소스 파일</Filter>
    </ClCompile>
    <ClCompile Include="Framework\System\World.cpp">
      <Filter>소스 파일</Filter>
    </ClCompile>
    <ClCompile Include="GameManager\Scene\Scene.cpp">
      <Filter>소스 파일</Filter>
    </ClCompile>
    <ClCompile Include="GameManager\Scene\SceneManager.cpp">
      <Filter>소스 파일</Filter>
    </ClCompile>
    <ClCompile Include="GameManager\GameManager.cpp">
      <Filter>소스 파일</Filter>
    </ClCompile>
    <ClCompile Include="Framework\Utility\DataManager.cpp">
      <Filter>소스 파일</Filter>
    </ClCompile>
    <ClCompile Include="Game\ItemTest\Item.cpp">
      <Filter>소스 파일</Filter>
    </ClCompile>
    <ClCompile Include="Framework\System\WorldEditor.cpp">
      <Filter>소스 파일</Filter>
    </ClCompile>
    <ClCompile Include="Game\ItemTest\ItemImage.cpp">
      <Filter>소스 파일</Filter>
    </ClCompile>
    <ClCompile Include="Framework\IO\Input\Button.cpp">
      <Filter>소스 파일</Filter>
    </ClCompile>
    <ClCompile Include="Framework\IO\Input\InputManager.cpp">
      <Filter>소스 파일</Filter>
    </ClCompile>
    <ClCompile Include="Framework\IO\Output\Animation.cpp">
      <Filter>소스 파일</Filter>
    </ClCompile>
    <ClCompile Include="Framework\IO\Output\Camera.cpp">
      <Filter>소스 파일</Filter>
    </ClCompile>
    <ClCompile Include="Framework\IO\Output\Effect.cpp">
      <Filter>소스 파일</Filter>
    </ClCompile>
    <ClCompile Include="Framework\IO\Output\EffectManager.cpp">
      <Filter>소스 파일</Filter>
    </ClCompile>
    <ClCompile Include="Framework\IO\Output\ImageFont.cpp">
      <Filter>소스 파일</Filter>
    </ClCompile>
    <ClCompile Include="Framework\IO\Output\Shader.cpp">
      <Filter>소스 파일</Filter>
    </ClCompile>
    <ClCompile Include="Framework\IO\Output\SoundManager.cpp">
      <Filter>소스 파일</Filter>
    </ClCompile>
    <ClCompile Include="Framework\IO\Output\Texture.cpp">
      <Filter>소스 파일</Filter>
    </ClCompile>
    <ClCompile Include="Framework\IO\Output\TextureManager.cpp">
      <Filter>소스 파일</Filter>
    </ClCompile>
    <ClCompile Include="Framework\IO\Output\RenderTarget.cpp">
      <Filter>소스 파일</Filter>
    </ClCompile>
    <ClCompile Include="Game\Entity\Npc\BlackSmith.cpp">
      <Filter>소스 파일</Filter>
    </ClCompile>
    <ClCompile Include="Game\Entity\Npc\NpcManager.cpp">
      <Filter>소스 파일</Filter>
    </ClCompile>
    <ClCompile Include="Game\Entity\Object.cpp">
      <Filter>소스 파일</Filter>
    </ClCompile>
    <ClCompile Include="Game\GUI\Inventory.cpp">
      <Filter>소스 파일</Filter>
    </ClCompile>
    <ClCompile Include="Game\GUI\StateBar.cpp">
      <Filter>소스 파일</Filter>
    </ClCompile>
    <ClCompile Include="Game\GUI\UI.cpp">
      <Filter>소스 파일</Filter>
    </ClCompile>
    <ClCompile Include="Game\Entity\Enemy\EnemyManager.cpp">
      <Filter>소스 파일</Filter>
    </ClCompile>
    <ClCompile Include="Game\Entity\Player\Portion.cpp">
      <Filter>소스 파일</Filter>
    </ClCompile>
    <ClCompile Include="Game\Entity\Npc\Npc.cpp">
      <Filter>소스 파일</Filter>
    </ClCompile>
    <ClCompile Include="Game\GUI\HotBar.cpp">
      <Filter>소스 파일</Filter>
    </ClCompile>
    <ClCompile Include="Game\GUI\InvenTab.cpp">
      <Filter>소스 파일</Filter>
    </ClCompile>
    <ClCompile Include="Game\GUI\UIObject.cpp">
      <Filter>소스 파일</Filter>
    </ClCompile>
    <ClCompile Include="Game\ItemTest\ItemSlot.cpp">
      <Filter>소스 파일</Filter>
    </ClCompile>
    <ClCompile Include="Framework\System\ObjectTool.cpp">
      <Filter>소스 파일</Filter>
    </ClCompile>
    <ClCompile Include="Framework\IO\Input\UIButton.cpp">
      <Filter>소스 파일</Filter>
    </ClCompile>
    <ClCompile Include="Game\GUI\Store.cpp">
      <Filter>소스 파일</Filter>
    </ClCompile>
    <ClCompile Include="Game\ItemTest\ItemInfo.cpp">
      <Filter>소스 파일</Filter>
    </ClCompile>
    <ClCompile Include="Game\Entity\Npc\FolkOne.cpp">
      <Filter>소스 파일</Filter>
    </ClCompile>
    <ClCompile Include="Game\Entity\Npc\FolkTwo.cpp">
      <Filter>소스 파일</Filter>
    </ClCompile>
    <ClCompile Include="Game\GUI\BuyWindow.cpp">
      <Filter>소스 파일</Filter>
    </ClCompile>
    <ClCompile Include="Game\GUI\SellWindow.cpp">
      <Filter>소스 파일</Filter>
    </ClCompile>
    <ClCompile Include="Game\Entity\Enemy\Enemy.cpp">
      <Filter>소스 파일</Filter>
    </ClCompile>
    <ClCompile Include="Game\Entity\Enemy\Forest\Chicken.cpp">
      <Filter>소스 파일</Filter>
    </ClCompile>
    <ClCompile Include="Game\Entity\Enemy\Forest\Slime.cpp">
      <Filter>소스 파일</Filter>
    </ClCompile>
    <ClCompile Include="Game\Entity\Enemy\Mountain\Flower.cpp">
      <Filter>소스 파일</Filter>
    </ClCompile>
    <ClCompile Include="Game\Entity\Enemy\Mountain\Flower_Bullet.cpp">
      <Filter>소스 파일</Filter>
    </ClCompile>
    <ClCompile Include="Game\Entity\Enemy\Mountain\MushRoom.cpp">
      <Filter>소스 파일</Filter>
    </ClCompile>
    <ClCompile Include="Game\Entity\Enemy\Forest\Pig.cpp">
      <Filter>소스 파일</Filter>
    </ClCompile>
    <ClCompile Include="Game\GUI\Cauldron.cpp">
      <Filter>소스 파일</Filter>
    </ClCompile>
    <ClCompile Include="Game\Entity\Enemy\Mountain\Goblin.cpp">
      <Filter>소스 파일</Filter>
    </ClCompile>
    <ClCompile Include="Game\GUI\Cauldron.cpp">
      <Filter>소스 파일</Filter>
    </ClCompile>
    <ClCompile Include="Game\Entity\Buff\BuffIcon.cpp">
      <Filter>소스 파일</Filter>
    </ClCompile>
    <ClCompile Include="Game\Entity\Player\Player.cpp">
      <Filter>소스 파일</Filter>
    </ClCompile>
    <ClCompile Include="Game\Entity\Buff\BuffEffect.cpp">
      <Filter>소스 파일</Filter>
    </ClCompile>
    <ClCompile Include="Game\Entity\Npc\ChildMan1.cpp">
      <Filter>소스 파일</Filter>
    </ClCompile>
    <ClCompile Include="Game\Entity\Npc\ChildMan2.cpp">
      <Filter>소스 파일</Filter>
    </ClCompile>
    <ClCompile Include="Game\Entity\Npc\ChildWoman1.cpp">
      <Filter>소스 파일</Filter>
    </ClCompile>
    <ClCompile Include="Game\Entity\Npc\ChildWoman2.cpp">
      <Filter>소스 파일</Filter>
    </ClCompile>
    <ClCompile Include="Game\Entity\Buff\BuffManager.cpp">
      <Filter>소스 파일</Filter>
    </ClCompile>
    <ClCompile Include="Game\Field\Forest\Forest.cpp">
      <Filter>소스 파일</Filter>
    </ClCompile>
    <ClCompile Include="Game\Field\Forest\ForestScene.cpp">
      <Filter>소스 파일</Filter>
    </ClCompile>
    <ClCompile Include="Game\Field\Home\Home.cpp">
      <Filter>소스 파일</Filter>
    </ClCompile>
    <ClCompile Include="Game\Field\Home\HomeScene.cpp">
      <Filter>소스 파일</Filter>
    </ClCompile>
    <ClCompile Include="Game\Field\Mountain\Mountain.cpp">
      <Filter>소스 파일</Filter>
    </ClCompile>
    <ClCompile Include="Game\Field\Mountain\MountainScene.cpp">
      <Filter>소스 파일</Filter>
    </ClCompile>
    <ClCompile Include="Game\Field\Town\Town.cpp">
      <Filter>소스 파일</Filter>
    </ClCompile>
    <ClCompile Include="Game\Field\Town\TownScene.cpp">
      <Filter>소스 파일</Filter>
    </ClCompile>
    <ClCompile Include="Game\Field\Particle.cpp">
      <Filter>소스 파일</Filter>
    </ClCompile>
    <ClCompile Include="Game\Field\PaticleManager.cpp">
      <Filter>소스 파일</Filter>
    </ClCompile>
    <ClCompile Include="Game\Entity\Npc\Cat.cpp">
      <Filter>소스 파일</Filter>
    </ClCompile>
    <ClCompile Include="Game\Field\Cave\Cave.cpp">
      <Filter>소스 파일</Filter>
    </ClCompile>
    <ClCompile Include="Game\Field\Cave\CaveScene.cpp">
      <Filter>소스 파일</Filter>
    </ClCompile>
    <ClCompile Include="Game\Entity\Enemy\Cave\Mage.cpp">
      <Filter>소스 파일</Filter>
    </ClCompile>
    <ClCompile Include="Game\GUI\GetItemWindow.cpp">
      <Filter>소스 파일</Filter>
    </ClCompile>
    <ClCompile Include="Game\GUI\GWManager.cpp">
      <Filter>소스 파일</Filter>
    </ClCompile>
    <ClCompile Include="Game\Entity\Enemy\Cave\Mage_Eye.cpp">
      <Filter>소스 파일</Filter>
    </ClCompile>
    <ClCompile Include="Game\Entity\Enemy\Cave\Mage_FireBall.cpp">
      <Filter>소스 파일</Filter>
    </ClCompile>
    <ClCompile Include="Game\GUI\Cursor.cpp">
      <Filter>소스 파일</Filter>
    </ClCompile>
    <ClCompile Include="Game\Entity\Enemy\Cave\Mage_EyeLaser.cpp">
      <Filter>소스 파일</Filter>
    </ClCompile>
    <ClCompile Include="Game\GUI\BossHpBar.cpp">
      <Filter>소스 파일</Filter>
    </ClCompile>
    <ClCompile Include="Game\GUI\QuickSlot.cpp">
      <Filter>소스 파일</Filter>
    </ClCompile>
    <ClCompile Include="Game\Entity\Enemy\Cave\Mage_BlackBall.cpp">
      <Filter>소스 파일</Filter>
    </ClCompile>
    <ClCompile Include="Game\Entity\Enemy\Cave\Mage_Emote.cpp">
      <Filter>소스 파일</Filter>
    </ClCompile>
    <ClCompile Include="Framework\System\MapEditor.cpp">
      <Filter>소스 파일</Filter>
    </ClCompile>
    <ClCompile Include="Framework\System\TextureEditor.cpp">
      <Filter>소스 파일</Filter>
    </ClCompile>
    <ClCompile Include="Libraries\TweakBar.cpp">
      <Filter>소스 파일</Filter>
    </ClCompile>
  </ItemGroup>
  <ItemGroup>
    <ResourceCompile Include="DirectX9_2D.rc">
      <Filter>리소스 파일</Filter>
    </ResourceCompile>
  </ItemGroup>
  <ItemGroup>
    <Image Include="small.ico">
      <Filter>리소스 파일</Filter>
    </Image>
    <Image Include="DirectX9_2D.ico">
      <Filter>리소스 파일</Filter>
    </Image>
    <Image Include="Resource\Textures\Cursor\Idle.png">
      <Filter>리소스 파일</Filter>
    </Image>
    <Image Include="Resource\Textures\UI\Title.ico">
      <Filter>리소스 파일</Filter>
    </Image>
  </ItemGroup>
  <ItemGroup>
    <Library Include="lib\fmod_vc.lib" />
    <Library Include="lib\fmodL_vc.lib" />
    <Library Include="lib\libfmod.a" />
    <Library Include="lib\libfmodL.a" />
    <Library Include="fmod_vc.lib" />
  </ItemGroup>
  <ItemGroup>
    <None Include="lib\fmod.dll" />
    <None Include="lib\fmodL.dll" />
    <None Include="fmod.dll" />
  </ItemGroup>
  <ItemGroup>
    <FxCompile Include="Shader\Effect.hlsl" />
    <FxCompile Include="Shader\Object.hlsl" />
    <FxCompile Include="Shader\Light.hlsl" />
    <FxCompile Include="Shader\Character.hlsl" />
    <FxCompile Include="Shader\HpBar.hlsl" />
    <FxCompile Include="Shader\EnemyHpBar.hlsl" />
    <FxCompile Include="Shader\MapShader.hlsl" />
  </ItemGroup>
</Project>